
Microsoft Visual Studio Solution File, Format Version 12.00
# Visual Studio 15
VisualStudioVersion = 15.0.27703.2035
MinimumVisualStudioVersion = 10.0.40219.1
Project("{2150E333-8FDC-42A3-9474-1A3956D46DE8}") = "02-RestAPI", "02-RestAPI", "{DB70F9C4-9134-426D-B7A2-86EA49272F73}"
EndProject
Project("{2150E333-8FDC-42A3-9474-1A3956D46DE8}") = "03-Application", "03-Application", "{55F5AB9A-8970-4128-B210-39EC0243A123}"
EndProject
Project("{2150E333-8FDC-42A3-9474-1A3956D46DE8}") = "04-Infrastructure", "04-Infrastructure", "{E2AFC5C3-01D2-4E05-B636-DB7E077719D2}"
EndProject
Project("{2150E333-8FDC-42A3-9474-1A3956D46DE8}") = "05-Tools", "05-Tools", "{11F485E0-0C11-4DB4-B236-0C73C4410060}"
EndProject
Project("{9A19103F-16F7-4668-BE54-9A1E7A4F7556}") = "Application", "03-Application\Application\Application.csproj", "{12359992-7600-4092-AA25-0A550A77AD28}"
EndProject
Project("{9A19103F-16F7-4668-BE54-9A1E7A4F7556}") = "Infrastructure", "04-Infrastructure\Infrastructure\Infrastructure.csproj", "{68B78C6B-9CBF-40E0-9738-B2CB3BDCD729}"
EndProject
Project("{9A19103F-16F7-4668-BE54-9A1E7A4F7556}") = "DataScraping", "05-Tools\DataScraping\DataScraping.csproj", "{6F77078C-F80F-46A5-BB3D-50C3418C52F4}"
EndProject
Project("{9A19103F-16F7-4668-BE54-9A1E7A4F7556}") = "RestAPI", "02-API\RestApi\RestAPI.csproj", "{C4081ED0-2285-47D2-911E-691D73406FE0}"
EndProject
Project("{2150E333-8FDC-42A3-9474-1A3956D46DE8}") = "01-Presentation", "01-Presentation", "{BCE6D11A-7DC7-4003-B6A2-B38B4F8F52B3}"
EndProject
Project("{9092AA53-FB77-4645-B42D-1CCCA6BD08BD}") = "Mobile", "01-Presentation\Mobile\Mobile.njsproj", "{BCE85C91-22C1-413C-B114-BBD062E605E0}"
EndProject
Project("{9092AA53-FB77-4645-B42D-1CCCA6BD08BD}") = "Web", "01-Presentation\Web\Web.njsproj", "{DC9B25B1-EAAF-4A78-994A-50ABFD32764E}"
EndProject
Project("{9A19103F-16F7-4668-BE54-9A1E7A4F7556}") = "WebStarter", "01-Presentation\WebStarter\WebStarter.csproj", "{9ACD8F42-F125-4110-A94C-B23570EC68FB}"
EndProject
Project("{2150E333-8FDC-42A3-9474-1A3956D46DE8}") = "06-Documents", "06-Documents", "{31B3A23E-3B33-44A1-A616-BC832B81A1C6}"
	ProjectSection(SolutionItems) = preProject
		icon.psd = icon.psd
		runApiBackground.txt = runApiBackground.txt
		splash.psd = splash.psd
	EndProjectSection
EndProject
Global
	GlobalSection(SolutionConfigurationPlatforms) = preSolution
		Debug|Any CPU = Debug|Any CPU
		Release|Any CPU = Release|Any CPU
	EndGlobalSection
	GlobalSection(ProjectConfigurationPlatforms) = postSolution
		{12359992-7600-4092-AA25-0A550A77AD28}.Debug|Any CPU.ActiveCfg = Debug|Any CPU
		{12359992-7600-4092-AA25-0A550A77AD28}.Debug|Any CPU.Build.0 = Debug|Any CPU
		{12359992-7600-4092-AA25-0A550A77AD28}.Release|Any CPU.ActiveCfg = Release|Any CPU
		{12359992-7600-4092-AA25-0A550A77AD28}.Release|Any CPU.Build.0 = Release|Any CPU
		{68B78C6B-9CBF-40E0-9738-B2CB3BDCD729}.Debug|Any CPU.ActiveCfg = Debug|Any CPU
		{68B78C6B-9CBF-40E0-9738-B2CB3BDCD729}.Debug|Any CPU.Build.0 = Debug|Any CPU
		{68B78C6B-9CBF-40E0-9738-B2CB3BDCD729}.Release|Any CPU.ActiveCfg = Release|Any CPU
		{68B78C6B-9CBF-40E0-9738-B2CB3BDCD729}.Release|Any CPU.Build.0 = Release|Any CPU
		{6F77078C-F80F-46A5-BB3D-50C3418C52F4}.Debug|Any CPU.ActiveCfg = Debug|Any CPU
		{6F77078C-F80F-46A5-BB3D-50C3418C52F4}.Debug|Any CPU.Build.0 = Debug|Any CPU
		{6F77078C-F80F-46A5-BB3D-50C3418C52F4}.Release|Any CPU.ActiveCfg = Release|Any CPU
		{6F77078C-F80F-46A5-BB3D-50C3418C52F4}.Release|Any CPU.Build.0 = Release|Any CPU
		{C4081ED0-2285-47D2-911E-691D73406FE0}.Debug|Any CPU.ActiveCfg = Debug|Any CPU
		{C4081ED0-2285-47D2-911E-691D73406FE0}.Debug|Any CPU.Build.0 = Debug|Any CPU
		{C4081ED0-2285-47D2-911E-691D73406FE0}.Release|Any CPU.ActiveCfg = Release|Any CPU
		{C4081ED0-2285-47D2-911E-691D73406FE0}.Release|Any CPU.Build.0 = Release|Any CPU
		{BCE85C91-22C1-413C-B114-BBD062E605E0}.Debug|Any CPU.ActiveCfg = Debug|Any CPU
		{BCE85C91-22C1-413C-B114-BBD062E605E0}.Debug|Any CPU.Build.0 = Debug|Any CPU
		{BCE85C91-22C1-413C-B114-BBD062E605E0}.Release|Any CPU.ActiveCfg = Release|Any CPU
		{BCE85C91-22C1-413C-B114-BBD062E605E0}.Release|Any CPU.Build.0 = Release|Any CPU
		{DC9B25B1-EAAF-4A78-994A-50ABFD32764E}.Debug|Any CPU.ActiveCfg = Debug|Any CPU
		{DC9B25B1-EAAF-4A78-994A-50ABFD32764E}.Debug|Any CPU.Build.0 = Debug|Any CPU
		{DC9B25B1-EAAF-4A78-994A-50ABFD32764E}.Release|Any CPU.ActiveCfg = Release|Any CPU
		{DC9B25B1-EAAF-4A78-994A-50ABFD32764E}.Release|Any CPU.Build.0 = Release|Any CPU
		{9ACD8F42-F125-4110-A94C-B23570EC68FB}.Debug|Any CPU.ActiveCfg = Debug|Any CPU
		{9ACD8F42-F125-4110-A94C-B23570EC68FB}.Debug|Any CPU.Build.0 = Debug|Any CPU
		{9ACD8F42-F125-4110-A94C-B23570EC68FB}.Release|Any CPU.ActiveCfg = Release|Any CPU
		{9ACD8F42-F125-4110-A94C-B23570EC68FB}.Release|Any CPU.Build.0 = Release|Any CPU
	EndGlobalSection
	GlobalSection(SolutionProperties) = preSolution
		HideSolutionNode = FALSE
	EndGlobalSection
	GlobalSection(NestedProjects) = preSolution
		{12359992-7600-4092-AA25-0A550A77AD28} = {55F5AB9A-8970-4128-B210-39EC0243A123}
		{68B78C6B-9CBF-40E0-9738-B2CB3BDCD729} = {E2AFC5C3-01D2-4E05-B636-DB7E077719D2}
		{6F77078C-F80F-46A5-BB3D-50C3418C52F4} = {11F485E0-0C11-4DB4-B236-0C73C4410060}
		{C4081ED0-2285-47D2-911E-691D73406FE0} = {DB70F9C4-9134-426D-B7A2-86EA49272F73}
		{BCE85C91-22C1-413C-B114-BBD062E605E0} = {BCE6D11A-7DC7-4003-B6A2-B38B4F8F52B3}
		{DC9B25B1-EAAF-4A78-994A-50ABFD32764E} = {BCE6D11A-7DC7-4003-B6A2-B38B4F8F52B3}
		{9ACD8F42-F125-4110-A94C-B23570EC68FB} = {BCE6D11A-7DC7-4003-B6A2-B38B4F8F52B3}
	EndGlobalSection
	GlobalSection(ExtensibilityGlobals) = postSolution
		SolutionGuid = {64323C77-DB2B-4814-B975-C03C11CC877E}
	EndGlobalSection
EndGlobal
