
Microsoft Visual Studio Solution File, Format Version 12.00
# Visual Studio 15
VisualStudioVersion = 15.0.27703.2035
MinimumVisualStudioVersion = 10.0.40219.1
Project("{9A19103F-16F7-4668-BE54-9A1E7A4F7556}") = "MangaScrap", "..\04-MangaScrap\MangaScrap\MangaScrap.csproj", "{DC603E78-BC11-4CCE-9903-A587E9CBA91D}"
EndProject
Project("{9A19103F-16F7-4668-BE54-9A1E7A4F7556}") = "DataAccess", "..\03-DataAccess\DataAccess\DataAccess.csproj", "{AA6F0772-F993-49A2-88AF-A1560168B97B}"
EndProject
Project("{9A19103F-16F7-4668-BE54-9A1E7A4F7556}") = "Api", "..\02-API\Api\Api.csproj", "{A07D3FA7-EF0C-47D9-94FD-F5B2568DC781}"
EndProject
Global
	GlobalSection(SolutionConfigurationPlatforms) = preSolution
		Debug|Any CPU = Debug|Any CPU
		Release|Any CPU = Release|Any CPU
	EndGlobalSection
	GlobalSection(ProjectConfigurationPlatforms) = postSolution
		{DC603E78-BC11-4CCE-9903-A587E9CBA91D}.Debug|Any CPU.ActiveCfg = Debug|Any CPU
		{DC603E78-BC11-4CCE-9903-A587E9CBA91D}.Debug|Any CPU.Build.0 = Debug|Any CPU
		{DC603E78-BC11-4CCE-9903-A587E9CBA91D}.Release|Any CPU.ActiveCfg = Release|Any CPU
		{DC603E78-BC11-4CCE-9903-A587E9CBA91D}.Release|Any CPU.Build.0 = Release|Any CPU
		{AA6F0772-F993-49A2-88AF-A1560168B97B}.Debug|Any CPU.ActiveCfg = Debug|Any CPU
		{AA6F0772-F993-49A2-88AF-A1560168B97B}.Debug|Any CPU.Build.0 = Debug|Any CPU
		{AA6F0772-F993-49A2-88AF-A1560168B97B}.Release|Any CPU.ActiveCfg = Release|Any CPU
		{AA6F0772-F993-49A2-88AF-A1560168B97B}.Release|Any CPU.Build.0 = Release|Any CPU
		{A07D3FA7-EF0C-47D9-94FD-F5B2568DC781}.Debug|Any CPU.ActiveCfg = Debug|Any CPU
		{A07D3FA7-EF0C-47D9-94FD-F5B2568DC781}.Debug|Any CPU.Build.0 = Debug|Any CPU
		{A07D3FA7-EF0C-47D9-94FD-F5B2568DC781}.Release|Any CPU.ActiveCfg = Release|Any CPU
		{A07D3FA7-EF0C-47D9-94FD-F5B2568DC781}.Release|Any CPU.Build.0 = Release|Any CPU
	EndGlobalSection
	GlobalSection(SolutionProperties) = preSolution
		HideSolutionNode = FALSE
	EndGlobalSection
	GlobalSection(ExtensibilityGlobals) = postSolution
		SolutionGuid = {F9AAF004-1E7A-40FB-90AF-8304B9E09735}
	EndGlobalSection
EndGlobal
